// !$*UTF8*$!
{
	archiveVersion = 1;
	classes = {
	};
	objectVersion = 77;
	objects = {

/* Begin PBXFileReference section */
		F448D877300272FF003997F6 /* Bound-Info.plist */ = {isa = PBXFileReference; lastKnownFileType = text.plist; path = "Bound-Info.plist"; sourceTree = "<group>"; };
		F448D87830060000003997F6 /* BoundDeviceActivityMonitor.appex */ = {isa = PBXFileReference; explicitFileType = "wrapper.app-extension"; includeInIndex = 0; path = BoundDeviceActivityMonitor.appex; sourceTree = BUILT_PRODUCTS_DIR; };
		F448D88630060000003997F6 /* BoundDeviceActivityMonitor.swift */ = {isa = PBXFileReference; lastKnownFileType = sourcecode.swift; path = BoundDeviceActivityMonitor.swift; sourceTree = "<group>"; };
		F448D88730060000003997F6 /* Info.plist */ = {isa = PBXFileReference; lastKnownFileType = text.plist; path = Info.plist; sourceTree = "<group>"; };
		F448D88830060000003997F6 /* BoundDeviceActivityMonitor.entitlements */ = {isa = PBXFileReference; lastKnownFileType = text.plist.entitlements; path = BoundDeviceActivityMonitor.entitlements; sourceTree = "<group>"; };
		F448D89030070000003997F6 /* BoundActivityReport.appex */ = {isa = PBXFileReference; explicitFileType = "wrapper.app-extension"; includeInIndex = 0; path = BoundActivityReport.appex; sourceTree = BUILT_PRODUCTS_DIR; };
		F448D89130070000003997F6 /* BoundActivityReport.swift */ = {isa = PBXFileReference; lastKnownFileType = sourcecode.swift; path = BoundActivityReport.swift; sourceTree = "<group>"; };
		F448D89230070000003997F6 /* Info.plist */ = {isa = PBXFileReference; lastKnownFileType = text.plist; path = Info.plist; sourceTree = "<group>"; };
		F448D89330070000003997F6 /* BoundActivityReport.entitlements */ = {isa = PBXFileReference; lastKnownFileType = text.plist.entitlements; path = BoundActivityReport.entitlements; sourceTree = "<group>"; };
		F4A274922FFC2D370056EDA1 /* Bound.app */ = {isa = PBXFileReference; explicitFileType = wrapper.application; includeInIndex = 0; path = Bound.app; sourceTree = BUILT_PRODUCTS_DIR; };
		F4B000000000000000000001 /* Localizations */ = {isa = PBXFileReference; lastKnownFileType = folder; path = FriendsAppBlocker/Localizations; sourceTree = "<group>"; };
/* End PBXFileReference section */

/* Begin PBXBuildFile section */
		F448D87930060000003997F6 /* BoundDeviceActivityMonitor.appex in Embed App Extensions */ = {isa = PBXBuildFile; fileRef = F448D87830060000003997F6 /* BoundDeviceActivityMonitor.appex */; settings = {ATTRIBUTES = (RemoveHeadersOnCopy, ); }; };
		F448D88930060000003997F6 /* BoundDeviceActivityMonitor.swift in Sources */ = {isa = PBXBuildFile; fileRef = F448D88630060000003997F6 /* BoundDeviceActivityMonitor.swift */; };
		F448D89430070000003997F6 /* BoundActivityReport.appex in Embed ExtensionKit Extensions */ = {isa = PBXBuildFile; fileRef = F448D89030070000003997F6 /* BoundActivityReport.appex */; settings = {ATTRIBUTES = (RemoveHeadersOnCopy, ); }; };
		F448D89530070000003997F6 /* BoundActivityReport.swift in Sources */ = {isa = PBXBuildFile; fileRef = F448D89130070000003997F6 /* BoundActivityReport.swift */; };
		F4B000000000000000000002 /* Localizations in Resources */ = {isa = PBXBuildFile; fileRef = F4B000000000000000000001 /* Localizations */; };
/* End PBXBuildFile section */

/* Begin PBXContainerItemProxy section */
		F448D87A30060000003997F6 /* PBXContainerItemProxy */ = {
			isa = PBXContainerItemProxy;
			containerPortal = F4A2748A2FFC2D370056EDA1 /* Project object */;
			proxyType = 1;
			remoteGlobalIDString = F448D87C30060000003997F6;
			remoteInfo = BoundDeviceActivityMonitor;
		};
		F448D89630070000003997F6 /* PBXContainerItemProxy */ = {
			isa = PBXContainerItemProxy;
			containerPortal = F4A2748A2FFC2D370056EDA1 /* Project object */;
			proxyType = 1;
			remoteGlobalIDString = F448D89730070000003997F6;
			remoteInfo = BoundActivityReport;
		};
/* End PBXContainerItemProxy section */

/* Begin PBXCopyFilesBuildPhase section */
		F448D87B30060000003997F6 /* Embed App Extensions */ = {
			isa = PBXCopyFilesBuildPhase;
			buildActionMask = 2147483647;
			dstPath = "";
			dstSubfolderSpec = 13;
			files = (
				F448D87930060000003997F6 /* BoundDeviceActivityMonitor.appex in Embed App Extensions */,
			);
			name = "Embed App Extensions";
			runOnlyForDeploymentPostprocessing = 0;
		};
		F448D8A030080000003997F6 /* Embed ExtensionKit Extensions */ = {
			isa = PBXCopyFilesBuildPhase;
			buildActionMask = 2147483647;
			dstPath = Extensions;
			dstSubfolderSpec = 1;
			files = (
				F448D89430070000003997F6 /* BoundActivityReport.appex in Embed ExtensionKit Extensions */,
			);
			name = "Embed ExtensionKit Extensions";
			runOnlyForDeploymentPostprocessing = 0;
		};
/* End PBXCopyFilesBuildPhase section */

/* Begin PBXFileSystemSynchronizedRootGroup section */
		F4A274942FFC2D370056EDA1 /* FriendsAppBlocker */ = {
			isa = PBXFileSystemSynchronizedRootGroup;
			path = FriendsAppBlocker;
			sourceTree = "<group>";
		};
/* End PBXFileSystemSynchronizedRootGroup section */

/* Begin PBXFrameworksBuildPhase section */
		F4A2748F2FFC2D370056EDA1 /* Frameworks */ = {
			isa = PBXFrameworksBuildPhase;
			buildActionMask = 2147483647;
			files = (
			);
			runOnlyForDeploymentPostprocessing = 0;
		};
		F448D88030060000003997F6 /* Frameworks */ = {
			isa = PBXFrameworksBuildPhase;
			buildActionMask = 2147483647;
			files = (
			);
			runOnlyForDeploymentPostprocessing = 0;
		};
		F448D89830070000003997F6 /* Frameworks */ = {
			isa = PBXFrameworksBuildPhase;
			buildActionMask = 2147483647;
			files = (
			);
			runOnlyForDeploymentPostprocessing = 0;
		};
/* End PBXFrameworksBuildPhase section */

/* Begin PBXGroup section */
		F4A274892FFC2D370056EDA1 = {
			isa = PBXGroup;
			children = (
				F448D877300272FF003997F6 /* Bound-Info.plist */,
				F4A274942FFC2D370056EDA1 /* FriendsAppBlocker */,
				F4B000000000000000000001 /* Localizations */,
				F448D87D30060000003997F6 /* FriendsAppBlockerMonitor */,
				F448D89930070000003997F6 /* FriendsAppBlockerReport */,
				F4A274932FFC2D370056EDA1 /* Products */,
			);
			sourceTree = "<group>";
		};
		F448D87D30060000003997F6 /* FriendsAppBlockerMonitor */ = {
			isa = PBXGroup;
			children = (
				F448D88630060000003997F6 /* BoundDeviceActivityMonitor.swift */,
				F448D88730060000003997F6 /* Info.plist */,
				F448D88830060000003997F6 /* BoundDeviceActivityMonitor.entitlements */,
			);
			path = FriendsAppBlockerMonitor;
			sourceTree = "<group>";
		};
		F448D89930070000003997F6 /* FriendsAppBlockerReport */ = {
			isa = PBXGroup;
			children = (
				F448D89130070000003997F6 /* BoundActivityReport.swift */,
				F448D89230070000003997F6 /* Info.plist */,
				F448D89330070000003997F6 /* BoundActivityReport.entitlements */,
			);
			path = FriendsAppBlockerReport;
			sourceTree = "<group>";
		};
		F4A274932FFC2D370056EDA1 /* Products */ = {
			isa = PBXGroup;
			children = (
				F4A274922FFC2D370056EDA1 /* Bound.app */,
				F448D87830060000003997F6 /* BoundDeviceActivityMonitor.appex */,
				F448D89030070000003997F6 /* BoundActivityReport.appex */,
			);
			name = Products;
			sourceTree = "<group>";
		};
/* End PBXGroup section */

/* Begin PBXNativeTarget section */
		F4A274912FFC2D370056EDA1 /* Bound */ = {
			isa = PBXNativeTarget;
			buildConfigurationList = F4A2749D2FFC2D380056EDA1 /* Build configuration list for PBXNativeTarget "Bound" */;
			buildPhases = (
				F4A2748E2FFC2D370056EDA1 /* Sources */,
				F4A2748F2FFC2D370056EDA1 /* Frameworks */,
				F4A274902FFC2D370056EDA1 /* Resources */,
				F448D87B30060000003997F6 /* Embed App Extensions */,
				F448D8A030080000003997F6 /* Embed ExtensionKit Extensions */,
			);
			buildRules = (
			);
			dependencies = (
				F448D87E30060000003997F6 /* PBXTargetDependency */,
				F448D89A30070000003997F6 /* PBXTargetDependency */,
			);
			fileSystemSynchronizedGroups = (
				F4A274942FFC2D370056EDA1 /* FriendsAppBlocker */,
			);
			name = Bound;
			packageProductDependencies = (
			);
			productName = Bound;
			productReference = F4A274922FFC2D370056EDA1 /* Bound.app */;
			productType = "com.apple.product-type.application";
		};
		F448D87C30060000003997F6 /* BoundDeviceActivityMonitor */ = {
			isa = PBXNativeTarget;
			buildConfigurationList = F448D88530060000003997F6 /* Build configuration list for PBXNativeTarget "BoundDeviceActivityMonitor" */;
			buildPhases = (
				F448D87F30060000003997F6 /* Sources */,
				F448D88030060000003997F6 /* Frameworks */,
				F448D88130060000003997F6 /* Resources */,
			);
			buildRules = (
			);
			dependencies = (
			);
			name = BoundDeviceActivityMonitor;
			packageProductDependencies = (
			);
			productName = BoundDeviceActivityMonitor;
			productReference = F448D87830060000003997F6 /* BoundDeviceActivityMonitor.appex */;
			productType = "com.apple.product-type.app-extension";
		};
		F448D89730070000003997F6 /* BoundActivityReport */ = {
			isa = PBXNativeTarget;
			buildConfigurationList = F448D89E30070000003997F6 /* Build configuration list for PBXNativeTarget "BoundActivityReport" */;
			buildPhases = (
				F448D89B30070000003997F6 /* Sources */,
				F448D89830070000003997F6 /* Frameworks */,
				F448D89C30070000003997F6 /* Resources */,
			);
			buildRules = (
			);
			dependencies = (
			);
			name = BoundActivityReport;
			packageProductDependencies = (
			);
			productName = BoundActivityReport;
			productReference = F448D89030070000003997F6 /* BoundActivityReport.appex */;
			productType = "com.apple.product-type.extensionkit-extension";
		};
/* End PBXNativeTarget section */

/* Begin PBXProject section */
		F4A2748A2FFC2D370056EDA1 /* Project object */ = {
			isa = PBXProject;
			attributes = {
				BuildIndependentTargetsInParallel = 1;
				LastSwiftUpdateCheck = 2650;
				LastUpgradeCheck = 2650;
				TargetAttributes = {
					F4A274912FFC2D370056EDA1 = {
						CreatedOnToolsVersion = 26.5;
						SystemCapabilities = {
							com.apple.ApplicationGroups = {
								enabled = 1;
							};
							com.apple.ApplePay = {
								enabled = 0;
							};
							com.apple.BackgroundModes = {
								enabled = 1;
							};
							com.apple.CloudKit = {
								enabled = 1;
							};
							com.apple.FamilyControls = {
								enabled = 1;
							};
							com.apple.Push = {
								enabled = 1;
							};
							com.apple.SignInWithApple = {
								enabled = 1;
							};
						};
					};
					F448D87C30060000003997F6 = {
						CreatedOnToolsVersion = 26.5;
						SystemCapabilities = {
							com.apple.FamilyControls = {
								enabled = 1;
							};
						};
					};
					F448D89730070000003997F6 = {
						CreatedOnToolsVersion = 26.5;
						SystemCapabilities = {
							com.apple.ApplicationGroups = {
								enabled = 1;
							};
							com.apple.FamilyControls = {
								enabled = 1;
							};
						};
					};
				};
			};
			buildConfigurationList = F4A2748D2FFC2D370056EDA1 /* Build configuration list for PBXProject "FriendsAppBlocker" */;
			developmentRegion = en;
			hasScannedForEncodings = 0;
			knownRegions = (
				en,
				Base,
			);
			mainGroup = F4A274892FFC2D370056EDA1;
			minimizedProjectReferenceProxies = 1;
			preferredProjectObjectVersion = 77;
			productRefGroup = F4A274932FFC2D370056EDA1 /* Products */;
			projectDirPath = "";
			projectRoot = "";
			targets = (
				F4A274912FFC2D370056EDA1 /* Bound */,
				F448D87C30060000003997F6 /* BoundDeviceActivityMonitor */,
				F448D89730070000003997F6 /* BoundActivityReport */,
			);
		};
/* End PBXProject section */

/* Begin PBXResourcesBuildPhase section */
		F4A274902FFC2D370056EDA1 /* Resources */ = {
			isa = PBXResourcesBuildPhase;
			buildActionMask = 2147483647;
			files = (
				F4B000000000000000000002 /* Localizations in Resources */,
			);
			runOnlyForDeploymentPostprocessing = 0;
		};
		F448D88130060000003997F6 /* Resources */ = {
			isa = PBXResourcesBuildPhase;
			buildActionMask = 2147483647;
			files = (
			);
			runOnlyForDeploymentPostprocessing = 0;
		};
		F448D89C30070000003997F6 /* Resources */ = {
			isa = PBXResourcesBuildPhase;
			buildActionMask = 2147483647;
			files = (
			);
			runOnlyForDeploymentPostprocessing = 0;
		};
/* End PBXResourcesBuildPhase section */

/* Begin PBXSourcesBuildPhase section */
		F4A2748E2FFC2D370056EDA1 /* Sources */ = {
			isa = PBXSourcesBuildPhase;
			buildActionMask = 2147483647;
			files = (
			);
			runOnlyForDeploymentPostprocessing = 0;
		};
		F448D87F30060000003997F6 /* Sources */ = {
			isa = PBXSourcesBuildPhase;
			buildActionMask = 2147483647;
			files = (
				F448D88930060000003997F6 /* BoundDeviceActivityMonitor.swift in Sources */,
			);
			runOnlyForDeploymentPostprocessing = 0;
		};
		F448D89B30070000003997F6 /* Sources */ = {
			isa = PBXSourcesBuildPhase;
			buildActionMask = 2147483647;
			files = (
				F448D89530070000003997F6 /* BoundActivityReport.swift in Sources */,
			);
			runOnlyForDeploymentPostprocessing = 0;
		};
/* End PBXSourcesBuildPhase section */

/* Begin PBXTargetDependency section */
		F448D87E30060000003997F6 /* PBXTargetDependency */ = {
			isa = PBXTargetDependency;
			target = F448D87C30060000003997F6 /* BoundDeviceActivityMonitor */;
			targetProxy = F448D87A30060000003997F6 /* PBXContainerItemProxy */;
		};
		F448D89A30070000003997F6 /* PBXTargetDependency */ = {
			isa = PBXTargetDependency;
			target = F448D89730070000003997F6 /* BoundActivityReport */;
			targetProxy = F448D89630070000003997F6 /* PBXContainerItemProxy */;
		};
/* End PBXTargetDependency section */

/* Begin XCBuildConfiguration section */
		F4A2749B2FFC2D380056EDA1 /* Debug */ = {
			isa = XCBuildConfiguration;
			buildSettings = {
				ALWAYS_SEARCH_USER_PATHS = NO;
				ASSETCATALOG_COMPILER_GENERATE_SWIFT_ASSET_SYMBOL_EXTENSIONS = YES;
				CLANG_ANALYZER_NONNULL = YES;
				CLANG_ANALYZER_NUMBER_OBJECT_CONVERSION = YES_AGGRESSIVE;
				CLANG_CXX_LANGUAGE_STANDARD = "gnu++20";
				CLANG_ENABLE_MODULES = YES;
				CLANG_ENABLE_OBJC_ARC = YES;
				CLANG_ENABLE_OBJC_WEAK = YES;
				CLANG_WARN_BLOCK_CAPTURE_AUTORELEASING = YES;
				CLANG_WARN_BOOL_CONVERSION = YES;
				CLANG_WARN_COMMA = YES;
				CLANG_WARN_CONSTANT_CONVERSION = YES;
				CLANG_WARN_DEPRECATED_OBJC_IMPLEMENTATIONS = YES;
				CLANG_WARN_DIRECT_OBJC_ISA_USAGE = YES_ERROR;
				CLANG_WARN_DOCUMENTATION_COMMENTS = YES;
				CLANG_WARN_EMPTY_BODY = YES;
				CLANG_WARN_ENUM_CONVERSION = YES;
				CLANG_WARN_INFINITE_RECURSION = YES;
				CLANG_WARN_INT_CONVERSION = YES;
				CLANG_WARN_NON_LITERAL_NULL_CONVERSION = YES;
				CLANG_WARN_OBJC_IMPLICIT_RETAIN_SELF = YES;
				CLANG_WARN_OBJC_LITERAL_CONVERSION = YES;
				CLANG_WARN_OBJC_ROOT_CLASS = YES_ERROR;
				CLANG_WARN_QUOTED_INCLUDE_IN_FRAMEWORK_HEADER = YES;
				CLANG_WARN_RANGE_LOOP_ANALYSIS = YES;
				CLANG_WARN_STRICT_PROTOTYPES = YES;
				CLANG_WARN_SUSPICIOUS_MOVE = YES;
				CLANG_WARN_UNGUARDED_AVAILABILITY = YES_AGGRESSIVE;
				CLANG_WARN_UNREACHABLE_CODE = YES;
				CLANG_WARN__DUPLICATE_METHOD_MATCH = YES;
				COPY_PHASE_STRIP = NO;
				DEBUG_INFORMATION_FORMAT = dwarf;
				DEVELOPMENT_TEAM = 94ZF75D84W;
				ENABLE_STRICT_OBJC_MSGSEND = YES;
				ENABLE_TESTABILITY = YES;
				ENABLE_USER_SCRIPT_SANDBOXING = YES;
				GCC_C_LANGUAGE_STANDARD = gnu17;
				GCC_DYNAMIC_NO_PIC = NO;
				GCC_NO_COMMON_BLOCKS = YES;
				GCC_OPTIMIZATION_LEVEL = 0;
				GCC_PREPROCESSOR_DEFINITIONS = (
					"DEBUG=1",
					"$(inherited)",
				);
				GCC_WARN_64_TO_32_BIT_CONVERSION = YES;
				GCC_WARN_ABOUT_RETURN_TYPE = YES_ERROR;
				GCC_WARN_UNDECLARED_SELECTOR = YES;
				GCC_WARN_UNINITIALIZED_AUTOS = YES_AGGRESSIVE;
				GCC_WARN_UNUSED_FUNCTION = YES;
				GCC_WARN_UNUSED_VARIABLE = YES;
				IPHONEOS_DEPLOYMENT_TARGET = 26.5;
				LOCALIZATION_PREFERS_STRING_CATALOGS = YES;
				MTL_ENABLE_DEBUG_INFO = INCLUDE_SOURCE;
				MTL_FAST_MATH = YES;
				ONLY_ACTIVE_ARCH = YES;
				SDKROOT = iphoneos;
				SWIFT_ACTIVE_COMPILATION_CONDITIONS = "DEBUG $(inherited)";
				SWIFT_OPTIMIZATION_LEVEL = "-Onone";
			};
			name = Debug;
		};
		F4A2749C2FFC2D380056EDA1 /* Release */ = {
			isa = XCBuildConfiguration;
			buildSettings = {
				ALWAYS_SEARCH_USER_PATHS = NO;
				ASSETCATALOG_COMPILER_GENERATE_SWIFT_ASSET_SYMBOL_EXTENSIONS = YES;
				CLANG_ANALYZER_NONNULL = YES;
				CLANG_ANALYZER_NUMBER_OBJECT_CONVERSION = YES_AGGRESSIVE;
				CLANG_CXX_LANGUAGE_STANDARD = "gnu++20";
				CLANG_ENABLE_MODULES = YES;
				CLANG_ENABLE_OBJC_ARC = YES;
				CLANG_ENABLE_OBJC_WEAK = YES;
				CLANG_WARN_BLOCK_CAPTURE_AUTORELEASING = YES;
				CLANG_WARN_BOOL_CONVERSION = YES;
				CLANG_WARN_COMMA = YES;
				CLANG_WARN_CONSTANT_CONVERSION = YES;
				CLANG_WARN_DEPRECATED_OBJC_IMPLEMENTATIONS = YES;
				CLANG_WARN_DIRECT_OBJC_ISA_USAGE = YES_ERROR;
				CLANG_WARN_DOCUMENTATION_COMMENTS = YES;
				CLANG_WARN_EMPTY_BODY = YES;
				CLANG_WARN_ENUM_CONVERSION = YES;
				CLANG_WARN_INFINITE_RECURSION = YES;
				CLANG_WARN_INT_CONVERSION = YES;
				CLANG_WARN_NON_LITERAL_NULL_CONVERSION = YES;
				CLANG_WARN_OBJC_IMPLICIT_RETAIN_SELF = YES;
				CLANG_WARN_OBJC_LITERAL_CONVERSION = YES;
				CLANG_WARN_OBJC_ROOT_CLASS = YES_ERROR;
				CLANG_WARN_QUOTED_INCLUDE_IN_FRAMEWORK_HEADER = YES;
				CLANG_WARN_RANGE_LOOP_ANALYSIS = YES;
				CLANG_WARN_STRICT_PROTOTYPES = YES;
				CLANG_WARN_SUSPICIOUS_MOVE = YES;
				CLANG_WARN_UNGUARDED_AVAILABILITY = YES_AGGRESSIVE;
				CLANG_WARN_UNREACHABLE_CODE = YES;
				CLANG_WARN__DUPLICATE_METHOD_MATCH = YES;
				COPY_PHASE_STRIP = NO;
				DEBUG_INFORMATION_FORMAT = "dwarf-with-dsym";
				DEVELOPMENT_TEAM = 94ZF75D84W;
				ENABLE_NS_ASSERTIONS = NO;
				ENABLE_STRICT_OBJC_MSGSEND = YES;
				ENABLE_USER_SCRIPT_SANDBOXING = YES;
				GCC_C_LANGUAGE_STANDARD = gnu17;
				GCC_NO_COMMON_BLOCKS = YES;
				GCC_WARN_64_TO_32_BIT_CONVERSION = YES;
				GCC_WARN_ABOUT_RETURN_TYPE = YES_ERROR;
				GCC_WARN_UNDECLARED_SELECTOR = YES;
				GCC_WARN_UNINITIALIZED_AUTOS = YES_AGGRESSIVE;
				GCC_WARN_UNUSED_FUNCTION = YES;
				GCC_WARN_UNUSED_VARIABLE = YES;
				IPHONEOS_DEPLOYMENT_TARGET = 26.5;
				LOCALIZATION_PREFERS_STRING_CATALOGS = YES;
				MTL_ENABLE_DEBUG_INFO = NO;
				MTL_FAST_MATH = YES;
				SDKROOT = iphoneos;
				SWIFT_COMPILATION_MODE = wholemodule;
				VALIDATE_PRODUCT = YES;
			};
			name = Release;
		};
		F4A2749E2FFC2D380056EDA1 /* Debug */ = {
			isa = XCBuildConfiguration;
			buildSettings = {
				ASSETCATALOG_COMPILER_APPICON_NAME = AppIcon;
				ASSETCATALOG_COMPILER_GLOBAL_ACCENT_COLOR_NAME = AccentColor;
				APS_ENVIRONMENT = development;
				CODE_SIGNING_ALLOWED = YES;
				CODE_SIGNING_REQUIRED = YES;
				CODE_SIGN_ENTITLEMENTS = FriendsAppBlocker/ESPBlocker.entitlements;
				CODE_SIGN_IDENTITY = "Apple Development";
				CODE_SIGN_STYLE = Automatic;
				CURRENT_PROJECT_VERSION = 1;
				DEVELOPMENT_TEAM = 94ZF75D84W;
				ENABLE_PREVIEWS = YES;
				GENERATE_INFOPLIST_FILE = YES;
				INFOPLIST_FILE = "Bound-Info.plist";
				INFOPLIST_KEY_CFBundleDisplayName = Bound;
				INFOPLIST_KEY_UIBackgroundModes = "remote-notification";
				INFOPLIST_KEY_UIApplicationSceneManifest_Generation = YES;
				INFOPLIST_KEY_UIApplicationSupportsIndirectInputEvents = YES;
				INFOPLIST_KEY_UILaunchScreen_Generation = YES;
				INFOPLIST_KEY_UISupportedInterfaceOrientations_iPad = "UIInterfaceOrientationPortrait UIInterfaceOrientationPortraitUpsideDown UIInterfaceOrientationLandscapeLeft UIInterfaceOrientationLandscapeRight";
				INFOPLIST_KEY_UISupportedInterfaceOrientations_iPhone = "UIInterfaceOrientationPortrait UIInterfaceOrientationLandscapeLeft UIInterfaceOrientationLandscapeRight";
				LD_RUNPATH_SEARCH_PATHS = (
					"$(inherited)",
					"@executable_path/Frameworks",
				);
				MARKETING_VERSION = 1.0;
				PRODUCT_BUNDLE_IDENTIFIER = dev.supremezone.app.FriendsAppBlocker;
				PRODUCT_NAME = Bound;
				PROVISIONING_PROFILE_SPECIFIER = "";
				STRING_CATALOG_GENERATE_SYMBOLS = YES;
				SWIFT_APPROACHABLE_CONCURRENCY = YES;
				SWIFT_DEFAULT_ACTOR_ISOLATION = MainActor;
				SWIFT_EMIT_LOC_STRINGS = YES;
				SWIFT_UPCOMING_FEATURE_MEMBER_IMPORT_VISIBILITY = YES;
				SWIFT_VERSION = 5.0;
				TARGETED_DEVICE_FAMILY = "1,2";
				WRAPPER_NAME = Bound.app;
			};
			name = Debug;
		};
		F4A2749F2FFC2D380056EDA1 /* Release */ = {
			isa = XCBuildConfiguration;
			buildSettings = {
				ASSETCATALOG_COMPILER_APPICON_NAME = AppIcon;
				ASSETCATALOG_COMPILER_GLOBAL_ACCENT_COLOR_NAME = AccentColor;
				APS_ENVIRONMENT = production;
				CODE_SIGNING_ALLOWED = YES;
				CODE_SIGNING_REQUIRED = YES;
				CODE_SIGN_ENTITLEMENTS = FriendsAppBlocker/ESPBlocker.entitlements;
				CODE_SIGN_IDENTITY = "Apple Development";
				CODE_SIGN_STYLE = Automatic;
				CURRENT_PROJECT_VERSION = 1;
				DEVELOPMENT_TEAM = 94ZF75D84W;
				ENABLE_PREVIEWS = YES;
				GENERATE_INFOPLIST_FILE = YES;
				INFOPLIST_FILE = "Bound-Info.plist";
				INFOPLIST_KEY_CFBundleDisplayName = Bound;
				INFOPLIST_KEY_UIBackgroundModes = "remote-notification";
				INFOPLIST_KEY_UIApplicationSceneManifest_Generation = YES;
				INFOPLIST_KEY_UIApplicationSupportsIndirectInputEvents = YES;
				INFOPLIST_KEY_UILaunchScreen_Generation = YES;
				INFOPLIST_KEY_UISupportedInterfaceOrientations_iPad = "UIInterfaceOrientationPortrait UIInterfaceOrientationPortraitUpsideDown UIInterfaceOrientationLandscapeLeft UIInterfaceOrientationLandscapeRight";
				INFOPLIST_KEY_UISupportedInterfaceOrientations_iPhone = "UIInterfaceOrientationPortrait UIInterfaceOrientationLandscapeLeft UIInterfaceOrientationLandscapeRight";
				LD_RUNPATH_SEARCH_PATHS = (
					"$(inherited)",
					"@executable_path/Frameworks",
				);
				MARKETING_VERSION = 1.0;
				PRODUCT_BUNDLE_IDENTIFIER = dev.supremezone.app.FriendsAppBlocker;
				PRODUCT_NAME = Bound;
				PROVISIONING_PROFILE_SPECIFIER = "";
				STRING_CATALOG_GENERATE_SYMBOLS = YES;
				SWIFT_APPROACHABLE_CONCURRENCY = YES;
				SWIFT_DEFAULT_ACTOR_ISOLATION = MainActor;
				SWIFT_EMIT_LOC_STRINGS = YES;
				SWIFT_UPCOMING_FEATURE_MEMBER_IMPORT_VISIBILITY = YES;
				SWIFT_VERSION = 5.0;
				TARGETED_DEVICE_FAMILY = "1,2";
				WRAPPER_NAME = Bound.app;
			};
			name = Release;
		};
		F448D88330060000003997F6 /* Debug */ = {
			isa = XCBuildConfiguration;
			buildSettings = {
				APPLICATION_EXTENSION_API_ONLY = YES;
				CODE_SIGNING_ALLOWED = YES;
				CODE_SIGNING_REQUIRED = YES;
				CODE_SIGN_ENTITLEMENTS = FriendsAppBlockerMonitor/BoundDeviceActivityMonitor.entitlements;
				CODE_SIGN_IDENTITY = "Apple Development";
				CODE_SIGN_STYLE = Automatic;
				CURRENT_PROJECT_VERSION = 1;
				DEVELOPMENT_TEAM = 94ZF75D84W;
				GENERATE_INFOPLIST_FILE = NO;
				INFOPLIST_FILE = FriendsAppBlockerMonitor/Info.plist;
				IPHONEOS_DEPLOYMENT_TARGET = 26.5;
				LD_RUNPATH_SEARCH_PATHS = (
					"$(inherited)",
					"@executable_path/Frameworks",
					"@executable_path/../../Frameworks",
				);
				MARKETING_VERSION = 1.0;
				PRODUCT_BUNDLE_IDENTIFIER = dev.supremezone.app.FriendsAppBlocker.BoundDeviceActivityMonitor;
				PRODUCT_NAME = "$(TARGET_NAME)";
				SKIP_INSTALL = YES;
				SWIFT_APPROACHABLE_CONCURRENCY = YES;
				SWIFT_EMIT_LOC_STRINGS = YES;
				SWIFT_VERSION = 5.0;
				TARGETED_DEVICE_FAMILY = "1,2";
			};
			name = Debug;
		};
		F448D88430060000003997F6 /* Release */ = {
			isa = XCBuildConfiguration;
			buildSettings = {
				APPLICATION_EXTENSION_API_ONLY = YES;
				CODE_SIGNING_ALLOWED = YES;
				CODE_SIGNING_REQUIRED = YES;
				CODE_SIGN_ENTITLEMENTS = FriendsAppBlockerMonitor/BoundDeviceActivityMonitor.entitlements;
				CODE_SIGN_IDENTITY = "Apple Development";
				CODE_SIGN_STYLE = Automatic;
				CURRENT_PROJECT_VERSION = 1;
				DEVELOPMENT_TEAM = 94ZF75D84W;
				GENERATE_INFOPLIST_FILE = NO;
				INFOPLIST_FILE = FriendsAppBlockerMonitor/Info.plist;
				IPHONEOS_DEPLOYMENT_TARGET = 26.5;
				LD_RUNPATH_SEARCH_PATHS = (
					"$(inherited)",
					"@executable_path/Frameworks",
					"@executable_path/../../Frameworks",
				);
				MARKETING_VERSION = 1.0;
				PRODUCT_BUNDLE_IDENTIFIER = dev.supremezone.app.FriendsAppBlocker.BoundDeviceActivityMonitor;
				PRODUCT_NAME = "$(TARGET_NAME)";
				SKIP_INSTALL = YES;
				SWIFT_APPROACHABLE_CONCURRENCY = YES;
				SWIFT_EMIT_LOC_STRINGS = YES;
				SWIFT_VERSION = 5.0;
				TARGETED_DEVICE_FAMILY = "1,2";
			};
			name = Release;
		};
		F448D89D30070000003997F6 /* Debug */ = {
			isa = XCBuildConfiguration;
			buildSettings = {
				APPLICATION_EXTENSION_API_ONLY = YES;
				CODE_SIGNING_ALLOWED = YES;
				CODE_SIGNING_REQUIRED = YES;
				CODE_SIGN_ENTITLEMENTS = FriendsAppBlockerReport/BoundActivityReport.entitlements;
				CODE_SIGN_IDENTITY = "Apple Development";
				CODE_SIGN_STYLE = Automatic;
				CURRENT_PROJECT_VERSION = 1;
				DEVELOPMENT_TEAM = 94ZF75D84W;
				GENERATE_INFOPLIST_FILE = NO;
				INFOPLIST_FILE = FriendsAppBlockerReport/Info.plist;
				IPHONEOS_DEPLOYMENT_TARGET = 26.5;
				LD_RUNPATH_SEARCH_PATHS = (
					"$(inherited)",
					"@executable_path/Frameworks",
					"@executable_path/../../Frameworks",
				);
				MARKETING_VERSION = 1.0;
				PRODUCT_BUNDLE_IDENTIFIER = dev.supremezone.app.FriendsAppBlocker.BoundActivityReport;
				PRODUCT_NAME = "$(TARGET_NAME)";
				SKIP_INSTALL = YES;
				SWIFT_APPROACHABLE_CONCURRENCY = YES;
				SWIFT_EMIT_LOC_STRINGS = YES;
				SWIFT_VERSION = 5.0;
				TARGETED_DEVICE_FAMILY = "1,2";
			};
			name = Debug;
		};
		F448D89F30070000003997F6 /* Release */ = {
			isa = XCBuildConfiguration;
			buildSettings = {
				APPLICATION_EXTENSION_API_ONLY = YES;
				CODE_SIGNING_ALLOWED = YES;
				CODE_SIGNING_REQUIRED = YES;
				CODE_SIGN_ENTITLEMENTS = FriendsAppBlockerReport/BoundActivityReport.entitlements;
				CODE_SIGN_IDENTITY = "Apple Development";
				CODE_SIGN_STYLE = Automatic;
				CURRENT_PROJECT_VERSION = 1;
				DEVELOPMENT_TEAM = 94ZF75D84W;
				GENERATE_INFOPLIST_FILE = NO;
				INFOPLIST_FILE = FriendsAppBlockerReport/Info.plist;
				IPHONEOS_DEPLOYMENT_TARGET = 26.5;
				LD_RUNPATH_SEARCH_PATHS = (
					"$(inherited)",
					"@executable_path/Frameworks",
					"@executable_path/../../Frameworks",
				);
				MARKETING_VERSION = 1.0;
				PRODUCT_BUNDLE_IDENTIFIER = dev.supremezone.app.FriendsAppBlocker.BoundActivityReport;
				PRODUCT_NAME = "$(TARGET_NAME)";
				SKIP_INSTALL = YES;
				SWIFT_APPROACHABLE_CONCURRENCY = YES;
				SWIFT_EMIT_LOC_STRINGS = YES;
				SWIFT_VERSION = 5.0;
				TARGETED_DEVICE_FAMILY = "1,2";
			};
			name = Release;
		};
/* End XCBuildConfiguration section */

/* Begin XCConfigurationList section */
		F4A2748D2FFC2D370056EDA1 /* Build configuration list for PBXProject "FriendsAppBlocker" */ = {
			isa = XCConfigurationList;
			buildConfigurations = (
				F4A2749B2FFC2D380056EDA1 /* Debug */,
				F4A2749C2FFC2D380056EDA1 /* Release */,
			);
			defaultConfigurationIsVisible = 0;
			defaultConfigurationName = Release;
		};
		F4A2749D2FFC2D380056EDA1 /* Build configuration list for PBXNativeTarget "Bound" */ = {
			isa = XCConfigurationList;
			buildConfigurations = (
				F4A2749E2FFC2D380056EDA1 /* Debug */,
				F4A2749F2FFC2D380056EDA1 /* Release */,
			);
			defaultConfigurationIsVisible = 0;
			defaultConfigurationName = Release;
		};
		F448D88530060000003997F6 /* Build configuration list for PBXNativeTarget "BoundDeviceActivityMonitor" */ = {
			isa = XCConfigurationList;
			buildConfigurations = (
				F448D88330060000003997F6 /* Debug */,
				F448D88430060000003997F6 /* Release */,
			);
			defaultConfigurationIsVisible = 0;
			defaultConfigurationName = Release;
		};
		F448D89E30070000003997F6 /* Build configuration list for PBXNativeTarget "BoundActivityReport" */ = {
			isa = XCConfigurationList;
			buildConfigurations = (
				F448D89D30070000003997F6 /* Debug */,
				F448D89F30070000003997F6 /* Release */,
			);
			defaultConfigurationIsVisible = 0;
			defaultConfigurationName = Release;
		};
/* End XCConfigurationList section */
	};
	rootObject = F4A2748A2FFC2D370056EDA1 /* Project object */;
}
